
Microsoft Visual Studio Solution File, Format Version 12.00
# Visual Studio Version 16
VisualStudioVersion = 16.0.29814.53
MinimumVisualStudioVersion = 10.0.40219.1
Project("{9A19103F-16F7-4668-BE54-9A1E7A4F7556}") = "8Queens(D3)", "ArtificialIntelligence\8Queens(D3).csproj", "{9621A5F6-44B4-47E4-AEE0-CC75609E88C0}"
EndProject
Project("{9A19103F-16F7-4668-BE54-9A1E7A4F7556}") = "Heuristic(D4)", "Heuristic(D4)\Heuristic(D4).csproj", "{7FA7D65E-FA73-466D-B8EA-2F7CB14B241E}"
EndProject
Project("{9A19103F-16F7-4668-BE54-9A1E7A4F7556}") = "MergeXMLfiles", "MergeXMLfiles\MergeXMLfiles.csproj", "{A9D61101-34D7-49F9-98DA-4885401D99A7}"
EndProject
Project("{9A19103F-16F7-4668-BE54-9A1E7A4F7556}") = "LudoKing(D6)", "LudoKing(D6)\LudoKing(D6).csproj", "{1ECC8ECB-614A-4BE6-A147-F0441D1622DE}"
EndProject
Global
	GlobalSection(SolutionConfigurationPlatforms) = preSolution
		Debug|Any CPU = Debug|Any CPU
		Release|Any CPU = Release|Any CPU
	EndGlobalSection
	GlobalSection(ProjectConfigurationPlatforms) = postSolution
		{9621A5F6-44B4-47E4-AEE0-CC75609E88C0}.Debug|Any CPU.ActiveCfg = Debug|Any CPU
		{9621A5F6-44B4-47E4-AEE0-CC75609E88C0}.Debug|Any CPU.Build.0 = Debug|Any CPU
		{9621A5F6-44B4-47E4-AEE0-CC75609E88C0}.Release|Any CPU.ActiveCfg = Release|Any CPU
		{9621A5F6-44B4-47E4-AEE0-CC75609E88C0}.Release|Any CPU.Build.0 = Release|Any CPU
		{7FA7D65E-FA73-466D-B8EA-2F7CB14B241E}.Debug|Any CPU.ActiveCfg = Debug|Any CPU
		{7FA7D65E-FA73-466D-B8EA-2F7CB14B241E}.Debug|Any CPU.Build.0 = Debug|Any CPU
		{7FA7D65E-FA73-466D-B8EA-2F7CB14B241E}.Release|Any CPU.ActiveCfg = Release|Any CPU
		{7FA7D65E-FA73-466D-B8EA-2F7CB14B241E}.Release|Any CPU.Build.0 = Release|Any CPU
		{A9D61101-34D7-49F9-98DA-4885401D99A7}.Debug|Any CPU.ActiveCfg = Debug|Any CPU
		{A9D61101-34D7-49F9-98DA-4885401D99A7}.Debug|Any CPU.Build.0 = Debug|Any CPU
		{A9D61101-34D7-49F9-98DA-4885401D99A7}.Release|Any CPU.ActiveCfg = Release|Any CPU
		{A9D61101-34D7-49F9-98DA-4885401D99A7}.Release|Any CPU.Build.0 = Release|Any CPU
		{1ECC8ECB-614A-4BE6-A147-F0441D1622DE}.Debug|Any CPU.ActiveCfg = Debug|Any CPU
		{1ECC8ECB-614A-4BE6-A147-F0441D1622DE}.Debug|Any CPU.Build.0 = Debug|Any CPU
		{1ECC8ECB-614A-4BE6-A147-F0441D1622DE}.Release|Any CPU.ActiveCfg = Release|Any CPU
		{1ECC8ECB-614A-4BE6-A147-F0441D1622DE}.Release|Any CPU.Build.0 = Release|Any CPU
	EndGlobalSection
	GlobalSection(SolutionProperties) = preSolution
		HideSolutionNode = FALSE
	EndGlobalSection
	GlobalSection(ExtensibilityGlobals) = postSolution
		SolutionGuid = {C06FCED6-C0FC-4DD1-8BD9-F0E93ECDDA5F}
	EndGlobalSection
EndGlobal
